
Microsoft Visual Studio Solution File, Format Version 12.00
# Visual Studio Version 17
VisualStudioVersion = 17.6.33723.286
MinimumVisualStudioVersion = 10.0.40219.1
Project("{9A19103F-16F7-4668-BE54-9A1E7A4F7556}") = "APIs", "APIs\APIs.csproj", "{C48F337C-3A7D-46E7-96E2-C1E8D48DE04C}"
EndProject
Project("{FAE04EC0-301F-11D3-BF4B-00C04F79EFBC}") = "Clients", "Clients\Clients.csproj", "{4DAE5541-01FD-49E9-96B2-EDC5E227C5B9}"
EndProject
Global
	GlobalSection(SolutionConfigurationPlatforms) = preSolution
		Debug|Any CPU = Debug|Any CPU
		Release|Any CPU = Release|Any CPU
	EndGlobalSection
	GlobalSection(ProjectConfigurationPlatforms) = postSolution
		{C48F337C-3A7D-46E7-96E2-C1E8D48DE04C}.Debug|Any CPU.ActiveCfg = Debug|Any CPU
		{C48F337C-3A7D-46E7-96E2-C1E8D48DE04C}.Debug|Any CPU.Build.0 = Debug|Any CPU
		{C48F337C-3A7D-46E7-96E2-C1E8D48DE04C}.Release|Any CPU.ActiveCfg = Release|Any CPU
		{C48F337C-3A7D-46E7-96E2-C1E8D48DE04C}.Release|Any CPU.Build.0 = Release|Any CPU
		{4DAE5541-01FD-49E9-96B2-EDC5E227C5B9}.Debug|Any CPU.ActiveCfg = Debug|Any CPU
		{4DAE5541-01FD-49E9-96B2-EDC5E227C5B9}.Debug|Any CPU.Build.0 = Debug|Any CPU
		{4DAE5541-01FD-49E9-96B2-EDC5E227C5B9}.Release|Any CPU.ActiveCfg = Release|Any CPU
		{4DAE5541-01FD-49E9-96B2-EDC5E227C5B9}.Release|Any CPU.Build.0 = Release|Any CPU
	EndGlobalSection
	GlobalSection(SolutionProperties) = preSolution
		HideSolutionNode = FALSE
	EndGlobalSection
	GlobalSection(ExtensibilityGlobals) = postSolution
		SolutionGuid = {F2225682-F8B7-428F-94F4-AC89888D50D5}
	EndGlobalSection
EndGlobal
